
Microsoft Visual Studio Solution File, Format Version 12.00
# Visual Studio Version 17
VisualStudioVersion = 17.9.34902.65
MinimumVisualStudioVersion = 10.0.40219.1
Project("{FAE04EC0-301F-11D3-BF4B-00C04F79EFBC}") = "arduino_gui_v1", "arduino_gui_v1\arduino_gui_v1.csproj", "{D935CDEF-43EE-403E-89DA-8DDBF07B5AC8}"
EndProject
Global
	GlobalSection(SolutionConfigurationPlatforms) = preSolution
		Debug|Any CPU = Debug|Any CPU
		Release|Any CPU = Release|Any CPU
	EndGlobalSection
	GlobalSection(ProjectConfigurationPlatforms) = postSolution
		{D935CDEF-43EE-403E-89DA-8DDBF07B5AC8}.Debug|Any CPU.ActiveCfg = Debug|Any CPU
		{D935CDEF-43EE-403E-89DA-8DDBF07B5AC8}.Debug|Any CPU.Build.0 = Debug|Any CPU
		{D935CDEF-43EE-403E-89DA-8DDBF07B5AC8}.Release|Any CPU.ActiveCfg = Release|Any CPU
		{D935CDEF-43EE-403E-89DA-8DDBF07B5AC8}.Release|Any CPU.Build.0 = Release|Any CPU
	EndGlobalSection
	GlobalSection(SolutionProperties) = preSolution
		HideSolutionNode = FALSE
	EndGlobalSection
	GlobalSection(ExtensibilityGlobals) = postSolution
		SolutionGuid = {576D1B8A-0AEF-46E7-ABBC-2A5D42F4D97A}
	EndGlobalSection
EndGlobal
